
Microsoft Visual Studio Solution File, Format Version 12.00
# Visual Studio Version 17
VisualStudioVersion = 17.0.31903.59
MinimumVisualStudioVersion = 10.0.40219.1
Project("{FAE04EC0-301F-11D3-BF4B-00C04F79EFBC}") = "Iciclecreek.SemanticKernel.Connectors.Files", "Iciclecreek.SemanticKernel.Connectors.Files\Iciclecreek.SemanticKernel.Connectors.Files.csproj", "{C1510AF5-0C79-4AC9-9E96-4A0C3370C66A}"
EndProject
Project("{2150E333-8FDC-42A3-9474-1A3956D46DE8}") = "tests", "tests", "{02EA681E-C7D8-13C7-8484-4AC65E1B71E8}"
EndProject
Project("{FAE04EC0-301F-11D3-BF4B-00C04F79EFBC}") = "FileVectorStore.ConformanceTests", "tests\ConformanceTests\FileVectorStore.ConformanceTests.csproj", "{CA7746EA-C878-9F5E-D009-B311A7EF3BA2}"
EndProject
Project("{FAE04EC0-301F-11D3-BF4B-00C04F79EFBC}") = "VectorData.ConformanceTests", "tests\VectorData.ConformanceTests\VectorData.ConformanceTests.csproj", "{0F6E8A80-9FB7-BBEB-DE5B-A407DA99DF00}"
EndProject
Project("{FAE04EC0-301F-11D3-BF4B-00C04F79EFBC}") = "FileVectoreStore.Tests", "tests\FileVectorStore.Tests\FileVectoreStore.Tests.csproj", "{FC3ED39B-4AD1-D692-3189-D89C7229EEF7}"
EndProject
Global
	GlobalSection(SolutionConfigurationPlatforms) = preSolution
		Debug|Any CPU = Debug|Any CPU
		Release|Any CPU = Release|Any CPU
	EndGlobalSection
	GlobalSection(ProjectConfigurationPlatforms) = postSolution
		{C1510AF5-0C79-4AC9-9E96-4A0C3370C66A}.Debug|Any CPU.ActiveCfg = Debug|Any CPU
		{C1510AF5-0C79-4AC9-9E96-4A0C3370C66A}.Debug|Any CPU.Build.0 = Debug|Any CPU
		{C1510AF5-0C79-4AC9-9E96-4A0C3370C66A}.Release|Any CPU.ActiveCfg = Release|Any CPU
		{C1510AF5-0C79-4AC9-9E96-4A0C3370C66A}.Release|Any CPU.Build.0 = Release|Any CPU
		{CA7746EA-C878-9F5E-D009-B311A7EF3BA2}.Debug|Any CPU.ActiveCfg = Debug|Any CPU
		{CA7746EA-C878-9F5E-D009-B311A7EF3BA2}.Debug|Any CPU.Build.0 = Debug|Any CPU
		{CA7746EA-C878-9F5E-D009-B311A7EF3BA2}.Release|Any CPU.ActiveCfg = Release|Any CPU
		{CA7746EA-C878-9F5E-D009-B311A7EF3BA2}.Release|Any CPU.Build.0 = Release|Any CPU
		{0F6E8A80-9FB7-BBEB-DE5B-A407DA99DF00}.Debug|Any CPU.ActiveCfg = Debug|Any CPU
		{0F6E8A80-9FB7-BBEB-DE5B-A407DA99DF00}.Debug|Any CPU.Build.0 = Debug|Any CPU
		{0F6E8A80-9FB7-BBEB-DE5B-A407DA99DF00}.Release|Any CPU.ActiveCfg = Release|Any CPU
		{0F6E8A80-9FB7-BBEB-DE5B-A407DA99DF00}.Release|Any CPU.Build.0 = Release|Any CPU
		{FC3ED39B-4AD1-D692-3189-D89C7229EEF7}.Debug|Any CPU.ActiveCfg = Debug|Any CPU
		{FC3ED39B-4AD1-D692-3189-D89C7229EEF7}.Debug|Any CPU.Build.0 = Debug|Any CPU
		{FC3ED39B-4AD1-D692-3189-D89C7229EEF7}.Release|Any CPU.ActiveCfg = Release|Any CPU
		{FC3ED39B-4AD1-D692-3189-D89C7229EEF7}.Release|Any CPU.Build.0 = Release|Any CPU
	EndGlobalSection
	GlobalSection(SolutionProperties) = preSolution
		HideSolutionNode = FALSE
	EndGlobalSection
	GlobalSection(NestedProjects) = preSolution
		{CA7746EA-C878-9F5E-D009-B311A7EF3BA2} = {02EA681E-C7D8-13C7-8484-4AC65E1B71E8}
		{0F6E8A80-9FB7-BBEB-DE5B-A407DA99DF00} = {02EA681E-C7D8-13C7-8484-4AC65E1B71E8}
		{FC3ED39B-4AD1-D692-3189-D89C7229EEF7} = {02EA681E-C7D8-13C7-8484-4AC65E1B71E8}
	EndGlobalSection
	GlobalSection(ExtensibilityGlobals) = postSolution
		SolutionGuid = {4E22C1EC-1F22-4575-AA63-7D8A6D8BCAB9}
	EndGlobalSection
EndGlobal
